
Microsoft Visual Studio Solution File, Format Version 12.00
# Visual Studio Version 16
VisualStudioVersion = 16.0.29905.134
MinimumVisualStudioVersion = 10.0.40219.1
Project("{FAE04EC0-301F-11D3-BF4B-00C04F79EFBC}") = "Arrays", "Arrays\Arrays.csproj", "{06218219-B90C-4801-8C48-99B2AFE0B6FC}"
EndProject
Global
	GlobalSection(SolutionConfigurationPlatforms) = preSolution
		Debug|Any CPU = Debug|Any CPU
		Release|Any CPU = Release|Any CPU
	EndGlobalSection
	GlobalSection(ProjectConfigurationPlatforms) = postSolution
		{06218219-B90C-4801-8C48-99B2AFE0B6FC}.Debug|Any CPU.ActiveCfg = Debug|Any CPU
		{06218219-B90C-4801-8C48-99B2AFE0B6FC}.Debug|Any CPU.Build.0 = Debug|Any CPU
		{06218219-B90C-4801-8C48-99B2AFE0B6FC}.Release|Any CPU.ActiveCfg = Release|Any CPU
		{06218219-B90C-4801-8C48-99B2AFE0B6FC}.Release|Any CPU.Build.0 = Release|Any CPU
	EndGlobalSection
	GlobalSection(SolutionProperties) = preSolution
		HideSolutionNode = FALSE
	EndGlobalSection
	GlobalSection(ExtensibilityGlobals) = postSolution
		SolutionGuid = {ADA8921F-E3E1-4828-8359-363941D63CE7}
	EndGlobalSection
EndGlobal
